
Microsoft Visual Studio Solution File, Format Version 12.00
# Visual Studio Version 17
VisualStudioVersion = 17.13.35931.197 d17.13
MinimumVisualStudioVersion = 10.0.40219.1
Project("{FAE04EC0-301F-11D3-BF4B-00C04F79EFBC}") = "HelloWPF", "HelloWPF.csproj", "{A84BFD55-54F9-4C34-9A85-E5CB14A23827}"
EndProject
Global
	GlobalSection(SolutionConfigurationPlatforms) = preSolution
		Debug|Any CPU = Debug|Any CPU
		Release|Any CPU = Release|Any CPU
	EndGlobalSection
	GlobalSection(ProjectConfigurationPlatforms) = postSolution
		{A84BFD55-54F9-4C34-9A85-E5CB14A23827}.Debug|Any CPU.ActiveCfg = Debug|Any CPU
		{A84BFD55-54F9-4C34-9A85-E5CB14A23827}.Debug|Any CPU.Build.0 = Debug|Any CPU
		{A84BFD55-54F9-4C34-9A85-E5CB14A23827}.Release|Any CPU.ActiveCfg = Release|Any CPU
		{A84BFD55-54F9-4C34-9A85-E5CB14A23827}.Release|Any CPU.Build.0 = Release|Any CPU
	EndGlobalSection
	GlobalSection(SolutionProperties) = preSolution
		HideSolutionNode = FALSE
	EndGlobalSection
	GlobalSection(ExtensibilityGlobals) = postSolution
		SolutionGuid = {92331BC0-0DD0-43D1-B23C-8A5A17569072}
	EndGlobalSection
EndGlobal
